
Microsoft Visual Studio Solution File, Format Version 12.00
# Visual Studio 2013
VisualStudioVersion = 12.0.21005.1
MinimumVisualStudioVersion = 10.0.40219.1
Project("{8BC9CEB8-8B4A-11D0-8D11-00A0C91BC942}") = "数据结构初阶_单项不带头不循环链表实现", "数据结构初阶_单项不带头不循环链表实现\数据结构初阶_单项不带头不循环链表实现.vcxproj", "{EE229CC0-004F-4795-B8E8-CC31B41F72AC}"
EndProject
Global
	GlobalSection(SolutionConfigurationPlatforms) = preSolution
		Debug|Win32 = Debug|Win32
		Release|Win32 = Release|Win32
	EndGlobalSection
	GlobalSection(ProjectConfigurationPlatforms) = postSolution
		{EE229CC0-004F-4795-B8E8-CC31B41F72AC}.Debug|Win32.ActiveCfg = Debug|Win32
		{EE229CC0-004F-4795-B8E8-CC31B41F72AC}.Debug|Win32.Build.0 = Debug|Win32
		{EE229CC0-004F-4795-B8E8-CC31B41F72AC}.Release|Win32.ActiveCfg = Release|Win32
		{EE229CC0-004F-4795-B8E8-CC31B41F72AC}.Release|Win32.Build.0 = Release|Win32
	EndGlobalSection
	GlobalSection(SolutionProperties) = preSolution
		HideSolutionNode = FALSE
	EndGlobalSection
EndGlobal
